0d46bb52e05479e698efd3708356d1c39bcfc6d150509f681c886d7e1f4f5a58  README.md
b4df832dc2fa5584191f8160e3c640760116e9354344414af49ddedb409a3ad2  cases/candidate-ranking/case.toml
8dc7a4133958cb8bf0a808798e6be4da8d1dcfb6073674080f92bf14d213ad09  cases/candidate-ranking/evidence/records/alpha.json
119c8834819a9d2fa23fe08c4362f282f77fea785515861af440a71bf073f6b5  cases/candidate-ranking/evidence/records/beta.json
3d0b1a31de456917b5938b484f6590744c6b1ce37289a1c2465ff521c74e2058  cases/candidate-ranking/evidence/records/omega.json
b8f478c6028f538edf5e2921b8ca5e1b628715e674e8e02ae3e35927dfb87e0d  cases/candidate-ranking/evidence/records/transcript.md
de8ac148dfcdea98151f3648657201e03eb3bf747c425f14951a279c01dcfa74  cases/candidate-ranking/evidence/records/weights.json
30f9352d106a47ddf8653b8af905211c71658091ebd3e055c04261c2bf42a4e4  cases/candidate-ranking/evidence/spec.md
2a591fb2ebda071baffef2a4f4f1cfe215a8b7eaeec560112f9e8c598b42c1f9  cases/candidate-ranking/expected.md
3fff42797500279568c76aa78691ec69daaa90661b91e280915602c100e9218a  cases/candidate-ranking/probe.py
db2b5bfe5f860373af840701d504ca0fac62dc740195984e8951758142200378  cases/candidate-ranking/seeds/bad-inert-no-order/defect.md
722200ffb3494f7fa551aa5c5851a711ccafea1a118fc470bd12f59d403cd53a  cases/candidate-ranking/seeds/bad-inert-no-order/rank.py
0ccbddb25df956ac6dfe1c7d82932848592799986daff3429f0f2228574c15e8  cases/candidate-ranking/seeds/bad-reweight-goodhart/defect.md
182389d0af889c7fcff9db1a9a163ffef04e4a86a025de0277a6cd78f4373957  cases/candidate-ranking/seeds/bad-reweight-goodhart/rank.py
897083a6a75d393bda58537bd1b480139083de76d75a38afbfc7770d39dc2c63  cases/candidate-ranking/seeds/bad-self-score/defect.md
f1b0a902f17a3baac48a59c01898ff87c42bfbb65fa15adfa6727bf6bbc8237e  cases/candidate-ranking/seeds/bad-self-score/rank.py
b8c3667e65a571e775478a77771736ca61989012a81b6605c29d818c028276a7  cases/candidate-ranking/seeds/bad-tie-arrival/defect.md
41cf0f409f10897ad75967a1f296baf661f54abb031347185396d029ba82365f  cases/candidate-ranking/seeds/bad-tie-arrival/rank.py
1504587ff4564b14b0b34b9d6524199216307056dc380507c6def67695d586aa  cases/candidate-ranking/seeds/good-alt/rank.py
982e34433d5cb1d4a7836d9e2271e64bd1eb1d851d7c6d2a18974396e1e37582  cases/candidate-ranking/target/rank.py
0fa3aa7d8eebcadc66ba7da677c022a51d6f6457104de52b43506f8ba526883e  cases/cli-dedupe/case.toml
9570f058de64d82e133803bdfe11ea1cf3078996217986b8fcb63ee52f261bfa  cases/cli-dedupe/evidence/CHANGELOG.md
38a246302f28215ae416abd0443a9c36702def9c585c185c31c2d8e4132fb62d  cases/cli-dedupe/evidence/spec.md
d1ebfa95a11377007ac373e11536e10c75b6ee61aa74c289dbeb242ed8cdb933  cases/cli-dedupe/expected.md
9a3d1f7118bda1b84a34ffb878be1be2de4bb33cdaf64a89febfdab7f69e05d9  cases/cli-dedupe/probe.py
27c59c0a64469349081c7dff87c8a904375497fae7d1e5470448ddece31ab407  cases/cli-dedupe/seeds/bad-blank-line-drop/dedupe.py
4e02868c2650f6d0cbfc6e342bfbb63719eacc91d9c7d33323473c008a701b92  cases/cli-dedupe/seeds/bad-blank-line-drop/defect.md
47dfaef779b74b41eef82c4be1168d5659127981ce4084553ed33a5690cb6e0c  cases/cli-dedupe/seeds/bad-default-unbounded/dedupe.py
a9b914713ad530ba18d9af90dbb874048197c3b0d18c5ac93985e62c99e46586  cases/cli-dedupe/seeds/bad-default-unbounded/defect.md
0a747f5d1be19603431ce352bafc04819eef54cb061b4ad453e7def582be4803  cases/cli-dedupe/seeds/bad-ignore-case-output/dedupe.py
8b16bf3e30b303cb9ab7781e55503468d49a94a052c73718ef2abcb23702e171  cases/cli-dedupe/seeds/bad-ignore-case-output/defect.md
29739fa58cefb6f006ce6cceef64eb5ca11609c3ac7c7230054a43ac26f3bb78  cases/cli-dedupe/seeds/bad-window-off-by-one/dedupe.py
20ba15f988b097d27885a85432b26f52dbbdb457a7c4d62bed068496811a1527  cases/cli-dedupe/seeds/bad-window-off-by-one/defect.md
4777b9386843ca2056846a83c2687e02047aaae7b334ae3329775ab4cfc7a574  cases/cli-dedupe/seeds/good-alt/dedupe.py
6e921210fe5d95cf5f44b7225871b30221b07207de1fb275a11d8477aa649ce9  cases/cli-dedupe/target/dedupe.py
89a2439c22249200e81ab74f859a81a57be56d0a171f742edcf578ce00005acf  cases/composition-target/case.toml
ccfe1057eeea7b7de772c9c830663344440a5b09db130125189a14027f467ddd  cases/composition-target/evidence/artifact-chain.md
beabfea8c471fc3385ba35edbd9697c57e67e0566a852109a7718adf8ea008a5  cases/composition-target/evidence/composition-shape.md
f7cd83bca5e10aa847196f937231e5e24f07ba9a561aff288c65621faf2a5e38  cases/composition-target/expected.md
17e206e5fc8404f3b8f8e140f8f60034df2236ba6611eb464664f3a04b750083  cases/composition-target/probe.py
4720d80f91b3d5d5e4ce5effd29a0c997a9e6660128a707a5bd39131ec2c483b  cases/composition-target/seeds/bad-broken-edge/defect.md
a6c078f6673c3531886143ccf55ae8be2b75325d64a01ffd9264e2e97a4a60d4  cases/composition-target/seeds/bad-broken-edge/workflow.md
de1d6f89959ec1482ae41e453292c8112275eacdc024d1c2dbab688821fed548  cases/composition-target/seeds/bad-status-done-check/defect.md
9bd7acc0960547eef7fc31955048e0782f38fcb77845624ea13f1a5abd1a8ad9  cases/composition-target/seeds/bad-status-done-check/workflow.md
162f01956ef8c1aeda7df17639af7115e3afcb1eac53822776317f80ebe6263d  cases/composition-target/seeds/bad-unbound-step/defect.md
78f8d67be3a3721ef2c8e115995cc713a9f1691c9e0c43977bb67b4136c33c57  cases/composition-target/seeds/bad-unbound-step/workflow.md
47be1dff5a68b9bc1e9cd6ebf354ee7369974ed925d9378be5f213f91cd13395  cases/composition-target/seeds/good-three-step/workflow.md
d130e08fbc5a1e58b45d137dc49b4d0a21c28e15cff1f541be76939a20844c8d  cases/composition-target/target/workflow.md
ed5d6a5dd4e0982cbea291a22fa1712cbdbf89e7d77dfc6e23866429e68abaf0  cases/contradictory-evidence/case.toml
6eac0fa3a39c2889cdb80b691edd639c263c38b15635819930d41a7f8572d1b9  cases/contradictory-evidence/evidence/api-reference.md
3537c6994f9a439a3582446dfc06e83f4cfc452fd45e5a9e911b542dbaed19f6  cases/contradictory-evidence/evidence/integration-guide.md
b36d7bb28e849da954e53255bd956573b23e624f99dd0b48032b81016fb12356  cases/contradictory-evidence/expected.md
f40bdfc52dcbeb39128b5b838d409a1e9209d241331cb8e1bb3f77b2ab4f39bf  cases/contradictory-evidence/probe.py
4a82fcaef54e8e4e3c1eee9ea11e12ca8fa4051513caa9bb1b53a6a4c5d019a6  cases/contradictory-evidence/seeds/bad-blank-raises/defect.md
18b19396e4d8c56e8cb38ef5d58b7ca6ee620198630f5ee654dbcff0a273753a  cases/contradictory-evidence/seeds/bad-blank-raises/parse_ports.py
b707bd5edaf5bfa049c4039e9aa5e77f39f8ea6ed7b9c6a33e87897ef40f8fa0  cases/contradictory-evidence/seeds/bad-empty-none/defect.md
8be47b041d5b8fe7b1d40550f378cd7caf0bcb9d2fb6aed419775fa2bd7347c6  cases/contradictory-evidence/seeds/bad-empty-none/parse_ports.py
cd3ecf2ae0a7c5bc55b5cb3f46399647999042718ebfcc3ba6b61d4fdb4ca094  cases/contradictory-evidence/seeds/bad-empty-raises/defect.md
aea6ec8ae268af1ada4ad10577c2b12b0ade1a2f6fcbe7c9bb666853a1c5455d  cases/contradictory-evidence/seeds/bad-empty-raises/parse_ports.py
dd16f1f5851c84b553c2a580539d5f3fc8906f802a12e1790b7e5a0311a946e8  cases/contradictory-evidence/target/parse_ports.py
3d2827b73eac8f049c2b2fcfecdb71ebe17d306b71f903f67a7ff6c05e2af5d6  cases/cost-explosion/case.toml
d9689018a5c45fdefc73588995f5f874759d14a53a9c3f29e3972c0418f475cb  cases/cost-explosion/evidence/pattern-language.md
a08b290a508fbf56dd30094379bab0f021ab16badf3ecb0f8302a4a9c24b250d  cases/cost-explosion/evidence/usage-notes.md
2923c0c358ce73b021c332046ae1151b028049120d20cc783682f1df3600b829  cases/cost-explosion/expected.md
9448216a4dbf3424bc5c9a9a4c7c3aa10365840875afda3ce36aa77b63da5d50  cases/cost-explosion/probe.py
4368e3bf6d87aca1426536ad40d87a6ad71e4a810e24e2556947206a09661f33  cases/cost-explosion/seeds/bad-anchor/defect.md
c05b032e25cb0b1ad40ff54dee7bbfa9af073036f9fd4f6147a42ceb239057b6  cases/cost-explosion/seeds/bad-anchor/globmatch.py
48d0ca1a1b489c0c47f05bec175ad9ccda8d344cdadb53dc8c5f9dac2d57b1fc  cases/cost-explosion/seeds/bad-class-negation/defect.md
08645fb1dfd0a880bb754f6d840493d5450236e59fc1a85873b8950105956965  cases/cost-explosion/seeds/bad-class-negation/globmatch.py
f02d99b58049fb9729cea3f7df6197b64d085699b7b1278f4cbe96bc823c11fd  cases/cost-explosion/seeds/bad-range-upper/defect.md
0d7ee7fa0554d19f491446412e74fc3a16cee053e7f7dd53610c00026e6de8ff  cases/cost-explosion/seeds/bad-range-upper/globmatch.py
edab3206bba3c43911ab5148c21ba9f22808c217a65ca0ef2c2b660828ed81b6  cases/cost-explosion/seeds/good-tokenized/globmatch.py
233623ec46a020a6f8678f3adf7d5f8e2c470c25a71fb728af609c332551835f  cases/cost-explosion/target/globmatch.py
1787cda2c499b5db5c87067b341fd31b7d576fb16b241161b29e5c806cd8861c  cases/lib-rate-limiter/case.toml
007548d00422ad16bce36d1906791efd5cc2520d194c48383fceca03e305b3ee  cases/lib-rate-limiter/evidence/spec.md
f1ac4f3b7ae1d52ec77d75287a6e43f940ac84a4659e151bff7601dc159a1cb7  cases/lib-rate-limiter/evidence/usage.md
1e47467fe7bb765c592cf3900e810b6414cb4049ac0d34a3113628e2826624ef  cases/lib-rate-limiter/expected.md
6c46e6e3cb343109cb482bbc6a492cdbebbf3975c71e34e47aafd9c3d4871286  cases/lib-rate-limiter/probe.py
0f2789d9295ebd19f987e2bff5f4497dd6bc492e6337a9f6719d7c3bf8dea7e2  cases/lib-rate-limiter/seeds/bad-burst-edge/defect.md
6839dbecb2b777705293b67e5ee25def12b8673bcb2c5a7ca8a07ce7eee09c6e  cases/lib-rate-limiter/seeds/bad-burst-edge/token_bucket.py
bdf2d8b300b596e4c83de26b2caa5f5969aa37e225f948c37db1c74fa0ec9ecf  cases/lib-rate-limiter/seeds/bad-double-credit/defect.md
e35f742c87c118c694293c15eaee5a7e9ef5aa17fe21557f86ebbbafeb91d9aa  cases/lib-rate-limiter/seeds/bad-double-credit/token_bucket.py
01224814a36f5afbe96ec22f5427057fd841fb3d07f62aeec31a3107ce126ea3  cases/lib-rate-limiter/seeds/bad-refill-rounding/defect.md
b0bb45520f8883f677b8ad74e2971dc657dea64dceb2a0a9164bda7267f2d927  cases/lib-rate-limiter/seeds/bad-refill-rounding/token_bucket.py
e0c2bdc35a8b860c458873f5345f894a6fbe52a0c7201690fdec4fcb2753aca0  cases/lib-rate-limiter/seeds/bad-wall-clock/defect.md
5fc7a1c80845b20e4caefc81ce67b4cb81d994f6232a3b36db0eb16a4e717711  cases/lib-rate-limiter/seeds/bad-wall-clock/token_bucket.py
fe6d60bbb29a163981b9199f8f32607d2e6a3d57f42458bc133f389ee7989268  cases/lib-rate-limiter/seeds/good-alt/token_bucket.py
9ff2f73b92f35d59b21a5182c3f050c388239426a9d7213ed1e4ac298c80e054  cases/lib-rate-limiter/target/token_bucket.py
6f2ab7a8719b00ce2446b63e6dfd43646e5fa372864ede674c3eb328d8e71664  cases/multi-domain/case.toml
7d8e1ad6090f9df6f8c174b74dcc98ddeb41dad8228f335847d38a4f7cae731d  cases/multi-domain/evidence/report-contract.md
6dbe5c6c8b13293fc146b23f0bc3caaa8611953ce445d1f30e406a83d15d377f  cases/multi-domain/evidence/schema-format.md
1920ee90cdb5ca4c2ef1e447fdf0f6ee21b66d1c15845fa6338bb5e1f6a453d2  cases/multi-domain/evidence/usage.md
febe5fd6e6439587ee6170635492f16c0005d3256c1cdfb937b7628efe798cc2  cases/multi-domain/expected.md
abeeb43ad8e92ae91d90df208cb48c694a9cfd366fae8c51848b99bc394d7c97  cases/multi-domain/probe.py
2d88b0a42c67fa402f4f25066ab985f9aae33a0bdd6cfe134b479644a3169254  cases/multi-domain/seeds/bad-broken-code/defect.md
12cf76c8feb996d9c3384e5abb2697a34b9eae835bc3bea8227222d03ac605ed  cases/multi-domain/seeds/bad-broken-code/scaffold.py
5a7bb4a7a5c04ae236ebb5fddb7dfee1a0de3be010b1d4ff0f0526d1c213705f  cases/multi-domain/seeds/bad-lying-report/defect.md
ea10ab26c7f2fe29246c9da11f34597687d5c811630c0adf27d8e30fcc951e88  cases/multi-domain/seeds/bad-lying-report/scaffold.py
1ac112fecb8add6a31e35dcbda3f54ccba9444b6c5642e7b17def9c27efce2b8  cases/multi-domain/seeds/bad-stale-error-list/defect.md
dee64ffde42f15ee3427c5445281c922c94cb1af21844b62758713af482fd210  cases/multi-domain/seeds/bad-stale-error-list/scaffold.py
6d2d930a2a980b9e0691128ce8c023802b731b74f40ab4b7cbbce8985bb331f3  cases/multi-domain/seeds/good-variant/scaffold.py
d2ff0826bb762056fd0aa0c7d9d39156eac6d26c393ef3e013f73e2f19ddaf32  cases/multi-domain/target/scaffold.py
d69f7ce377bea7d73f11c3e648455ee904456f4eaeb7089a9678d7d0f538f3b2  cases/nondeterministic-target/case.toml
ef93a301a941d8cdb4e024ee33a4be70f7358380c80f151feeed56b19fbdead5  cases/nondeterministic-target/evidence/ops-runbook.md
ba3142706d579e82c7bedf85192fc040201ab467d478a943fef55d00fbb0fe5f  cases/nondeterministic-target/evidence/sampler-notes.md
787ed7975b05afc77eaf73e3db50425778f24cea422b5310da1d39f5ab83f4d7  cases/nondeterministic-target/expected.md
00252b21b97de6c2ed729a137125ab6cca81e3eea9597f095ff10b7e8945bc64  cases/nondeterministic-target/seeds/bad-restream/defect.md
75c94b8e27a320aed19ae14bf32a7a47b3a42d6917cedd41bce5de281352e0e8  cases/nondeterministic-target/seeds/bad-restream/sampler.py
09669b5ccdaf62d1dacc6b61c4dfc0cadf9076c13653e2f3a1ff5d87c7e01474  cases/nondeterministic-target/seeds/bad-seed-ignored/defect.md
03def40a51c4274d24825d63c89bef044d21ff5dffb782b339819f100fa228e5  cases/nondeterministic-target/seeds/bad-seed-ignored/sampler.py
718e5a32f11548f9e5cbe4a17033ccf6ae2967c4d5acfd54b5209963009a331c  cases/nondeterministic-target/seeds/bad-uniform-weights/defect.md
0a818d1c53db577b0851527389aaec75cfbb58ac3278b16754965b5d7007096f  cases/nondeterministic-target/seeds/bad-uniform-weights/sampler.py
5f0a88d9bb15076d23153f4c6d437da0f30cf138d80d1bf1f47e67dc9b187db1  cases/nondeterministic-target/seeds/good-cumulative/sampler.py
eb80071367f8d54bf96f6b99087775d06704941efcb31af45021266fc2ebdcc8  cases/nondeterministic-target/seeds/good-cumulative/variant.md
b65abfd2a790b2b1fb3e2fdad73c7dd4e4eb94f03786e36d7256c68deecb9545  cases/nondeterministic-target/target/sampler.py
cbd1626f188f1d40ea89a02e3e0a96cb9b0cbfaa1af93564c836bf33ff4d4176  cases/overfit-trap/case.toml
1097c9c59f56c3e3280306abcbc3bb69d5508c5057deb045a820ab40ee275cba  cases/overfit-trap/evidence/pricing-guide.md
b95cda5e5b2272ff86d46a4c9bcd4cfd70a4a6c9eec18758c0908d4d4b924c2b  cases/overfit-trap/evidence/support-faq.md
712a798df9c9d58b4382a0bfccdf053371337e0b51ef2b20a3d60780b76d7b41  cases/overfit-trap/expected.md
ebbb5abe693937d6c5fe102cad24beaae980f202eb8ac416d9b2c11e65eed790  cases/overfit-trap/seeds/bad-flat-tier/defect.md
59ea68ce96127d37e80e898aee7b44f540924822cf40e0e940a863cd3a198c86  cases/overfit-trap/seeds/bad-flat-tier/pricing.py
b02c749b25fb50db407db74a534af64d9ccc65453bf7dbe603c56c0433637fff  cases/overfit-trap/seeds/bad-hardcoded/defect.md
9b95bcff0b2f46a573ac76168718cf821d431eab3528d1d32b65f05baf140dbc  cases/overfit-trap/seeds/bad-hardcoded/pricing.py
a5dfa96f1cb40c27b14fb8cf7aa90ee40e4b23c3f67f94298ad856192679f8e3  cases/overfit-trap/seeds/bad-round-half/defect.md
91315a5d68042b46ec0fe79999148349d0c23c27a42f36a30029aa95462260a3  cases/overfit-trap/seeds/bad-round-half/pricing.py
35caa4272799fd4015dabf7730e044e7426f7ddf608667bbcd73aaa9610fd795  cases/overfit-trap/seeds/good-banded/pricing.py
e51b204ccec227d9b9f3b1c706365892ef1c9f8cb4e4e3b0e6872f2c439de542  cases/overfit-trap/seeds/good-banded/variant.md
6453c426bbf74fe7df417a97c757f6e82a3e1ac554eda59ffa29ebb9be02577e  cases/overfit-trap/target/pricing.py
0af8d32da0684628f5dfa218816fd3ef4c3b59756da302879c521c3a09231517  cases/skill-summarize/case.toml
544ebc35941886e2946b923e52ba7f0a48e72c7e06ec97ae31cd3aec6dce3ddc  cases/skill-summarize/evidence/constraints.md
e53a6f8afaad767e76d8bbfd32c3b19eb620e0675ba33bd88716faa36d2d9bc8  cases/skill-summarize/evidence/rubric-notes.md
0743bc002d6057ac53499b14761ef758856e46d6feb77a139d91003003c03f8a  cases/skill-summarize/evidence/sources.md
95293eef4bb2e9518ff91d57034fb4d50ef85979ed6500bfe0991dcf9f10138c  cases/skill-summarize/expected.md
1e77a14de4ccdf8bce080bfe056e12d88e2de901f6f021095f6eede505d882c6  cases/skill-summarize/probe.py
eb09312fa15a2ff6577f32c6ecc84bd714b945e19e557dbb85846af6a103d62e  cases/skill-summarize/seeds/bad-fabricated-citation/defect.md
1a47ffc40424f393957ce9716f2f46b0a07a6257ff94fd9b33b174c9d40856d3  cases/skill-summarize/seeds/bad-fabricated-citation/output.md
a61f44710076fede69b89e4d4efb833c80bf4cd660eb8303c6dcbe876b54c730  cases/skill-summarize/seeds/bad-fabricated-citation/summarize.md
2ee35770360c5bec9f1e0fea324e300ed0b962524c6eb5b810f3ecb106838627  cases/skill-summarize/seeds/bad-over-length/defect.md
1ef47903761c2245a155be6976cd37742cb2a830aee65effe1cc0839d33bf4c1  cases/skill-summarize/seeds/bad-over-length/output.md
2285fd0bbd0a4cccccd4413c701f1d199269a22b6af5af75c210e2cd18b3c27a  cases/skill-summarize/seeds/bad-over-length/summarize.md
598d4a3065aa3648989a70eca72985d0e4ed689b370d02035f39e06a55fe838a  cases/skill-summarize/seeds/bad-uncited-claims/defect.md
124ccd5cc9dc4d410186e1d425e7c05b60a3a99f991257070153ccee68eb9d94  cases/skill-summarize/seeds/bad-uncited-claims/output.md
ce8a5793fc7dcfb106f85aa3bb85907171eddfac5faa541a61a3552cd922ff3c  cases/skill-summarize/seeds/bad-uncited-claims/summarize.md
d9cd09415ab40784311567a16cd0cbdbdd76161c85ee7c7fd92f2b16dd927856  cases/skill-summarize/seeds/good-terse/output.md
d4425fa974ad9360c3d436fd2f2bca44204f6e810027037a87025b573328bb12  cases/skill-summarize/seeds/good-terse/summarize.md
5f0f2c9eacb93fbccac8d324ff77e47a7c9b27df439f693539efb2805b76b7d6  cases/skill-summarize/target/output.md
d95a703cf85652fb211c9c8fc216beb9f3f205226effe7c8f5be4a7e06c34693  cases/skill-summarize/target/summarize.md
db5ab7e935772976a0f32ac0157c8994dcad480812c9fb4a915a256d3812507b  cases/sparse-evidence/case.toml
726fec7b8d049c556fdbd1f73e29d5e441ee154e24b8ffb5a917022cb8696358  cases/sparse-evidence/evidence/notes.md
be750a19d7a5c511a0c29ecb55de56c58496bec4286a16a990e9a14c113c4a89  cases/sparse-evidence/expected.md
c4e08f13c0558f90049efcdd189b5ec1d7265243f558e3b94517b0dd9bc0e459  cases/sparse-evidence/probe.py
3ef641f78c1a46f04564e6ae47a1c571b74af34bf0dd5d21f439ad957324a4a1  cases/sparse-evidence/seeds/bad-first-only/defect.md
839f00bd9eadf6e57b8c88c3fc71392bc7ce8420f2188ea5e8565974e4216f8c  cases/sparse-evidence/seeds/bad-first-only/redact.py
b8be70c4641980151fdadc31d73e6bc890e2e1772e02460bd09b849a1e0f9557  cases/sparse-evidence/seeds/bad-long-value/defect.md
ced8e08020a4de7e723c3e09ddd8f899f8b582873b30238c9492465df880c4d3  cases/sparse-evidence/seeds/bad-long-value/redact.py
fb03e1e8cdfc10450cf9c9ecbf15aaccf6c783cdec7ac43f8a73c46370615185  cases/sparse-evidence/seeds/bad-repeated-key/defect.md
a816129b854faab7c0922ccbb2e04e2723086f4a0a5ed3c697a6bf2afc1d5f77  cases/sparse-evidence/seeds/bad-repeated-key/redact.py
7866df56b938ca13aaf53db7022f917951761bde68b9abeb9344b4e6d8f9c155  cases/sparse-evidence/target/redact.py
a11ad216761d2411d7ab60b7f569bd1e5606db1b84ea7fec88a2ef2d81f2bd73  cases/stateful-plugin/case.toml
338cacfc6de62652c5ff7f0da41d224049761d3f76558e3aba330d4ed788f6a0  cases/stateful-plugin/evidence/cli-contract.md
3eb8b5c149243513a48b56e7877ef77a6d5edf8ab09141c3bab6d25c689eecd5  cases/stateful-plugin/evidence/state-policy.md
7a55fd365f9ea2196686008c3a478ad9b33dd7ff65e1a41fe66c6f8adda187af  cases/stateful-plugin/expected.md
0ec978ab213c92727e5204a5ce8f969e3f15f1814a25e6f8fc4b1e21edebfcc8  cases/stateful-plugin/probe.py
7511494bd9d1aa84e482ad06e48556a16b78ecd532d2ba62f7a7405058938820  cases/stateful-plugin/seeds/bad-delete-masks/defect.md
5c1bc45ffe79aa80887f3ee00737fce0d5538c110c9e1f9b7e817f47e3469738  cases/stateful-plugin/seeds/bad-delete-masks/store.py
f7bde094e706f3183b9d39e6aee79d1d81afbe23955d4a4d5c9567583ac78728  cases/stateful-plugin/seeds/bad-overwrite-empty/defect.md
13772ad7c25d8a04365ef10e66c56783f2e6486108bdee5aa067b111c8ab216b  cases/stateful-plugin/seeds/bad-overwrite-empty/store.py
536527e346c486a8f12ede0364e523ef6118cba14ba6f18faf2e7fd26f536d39  cases/stateful-plugin/seeds/bad-state-leak/defect.md
c7b9c44f23ebd76e4b185a1e7da76db004ed036e122825a6203b0b9414090aef  cases/stateful-plugin/seeds/bad-state-leak/store.py
34e783a1f152bee43aa26841fa804b1edbf57ef4fc173b7139624e7a7f796353  cases/stateful-plugin/seeds/good-variant/store.py
a9998d8e38814473094dac110a93ed2f6dd550b6a5bfcd9e441dad0b0990ec34  cases/stateful-plugin/target/store.py
f6e27c850e5947043b909c1264c7bca744644faf6e12ff61c52880c587916f24  cases/unobservable-outcome/case.toml
f76b8c27ed435817a987ac7eae497926bd73db7b18b3c12ae947cf9b2d5dad92  cases/unobservable-outcome/evidence/charter.md
8dd796d01bf46a80ea4791c89fe777487bf07f8de0103a27d0ca50cefaed23d0  cases/unobservable-outcome/expected.md
cf18101a5d45f5688a2c756afd981ce906729a7435a658c24ba864d6c640407f  cases/unobservable-outcome/probe.py
e3b0c44298fc1c149afbf4c8996fb92427ae41e4649b934ca495991b7852b855  cases/unobservable-outcome/seeds/.gitkeep
8e25a1ba02e03c934bec19f47dd2aaec0b46a93891a8ccaaff592dbb019cb1af  cases/unobservable-outcome/target/cheer.py
dc16b8210857353c9c2f231180f3145696bff496351df3dbf2604cc9289a5346  tools/seal_set.py
efe66be312f275b398e179713418a092ab328a996e7562053218fc445e2409fa  tools/validate_cases.py
